
Microsoft Visual Studio Solution File, Format Version 12.00
# Visual Studio 15
VisualStudioVersion = 15.0.27703.2026
MinimumVisualStudioVersion = 10.0.40219.1
Project("{9A19103F-16F7-4668-BE54-9A1E7A4F7556}") = "ExceptionManager", "ExceptionManager\ExceptionManager.csproj", "{7F9016EC-CF5D-4F71-87CE-7B6430D82061}"
EndProject
Project("{9A19103F-16F7-4668-BE54-9A1E7A4F7556}") = "LocalizationManager", "LocalizationManager\LocalizationManager.csproj", "{5C9AEA84-B053-475A-AF8D-789A44C5EC6F}"
EndProject
Project("{9A19103F-16F7-4668-BE54-9A1E7A4F7556}") = "ConsoleApp", "ConsoleApp\ConsoleApp.csproj", "{E0CD870F-19C1-403E-AD57-E367A961AAE0}"
EndProject
Project("{9A19103F-16F7-4668-BE54-9A1E7A4F7556}") = "DependencyInjection", "DependencyInjection\DependencyInjection.csproj", "{AC9E4FB0-18EF-42BF-A076-19273A17794D}"
EndProject
Project("{FAE04EC0-301F-11D3-BF4B-00C04F79EFBC}") = "LocalizationManager.Abstractions", "LocalizationManager.Abstractions\LocalizationManager.Abstractions.csproj", "{94DD9BE8-702B-437B-B810-81D7BE7ED3E8}"
EndProject
Project("{FAE04EC0-301F-11D3-BF4B-00C04F79EFBC}") = "ExceptionManager.Abstractions", "ExceptionManager.Abstractions\ExceptionManager.Abstractions.csproj", "{999EDA3B-1CA1-4932-BBBC-5C4571AA7A4B}"
EndProject
Global
	GlobalSection(SolutionConfigurationPlatforms) = preSolution
		Debug|Any CPU = Debug|Any CPU
		Release|Any CPU = Release|Any CPU
	EndGlobalSection
	GlobalSection(ProjectConfigurationPlatforms) = postSolution
		{7F9016EC-CF5D-4F71-87CE-7B6430D82061}.Debug|Any CPU.ActiveCfg = Debug|Any CPU
		{7F9016EC-CF5D-4F71-87CE-7B6430D82061}.Debug|Any CPU.Build.0 = Debug|Any CPU
		{7F9016EC-CF5D-4F71-87CE-7B6430D82061}.Release|Any CPU.ActiveCfg = Release|Any CPU
		{7F9016EC-CF5D-4F71-87CE-7B6430D82061}.Release|Any CPU.Build.0 = Release|Any CPU
		{5C9AEA84-B053-475A-AF8D-789A44C5EC6F}.Debug|Any CPU.ActiveCfg = Debug|Any CPU
		{5C9AEA84-B053-475A-AF8D-789A44C5EC6F}.Debug|Any CPU.Build.0 = Debug|Any CPU
		{5C9AEA84-B053-475A-AF8D-789A44C5EC6F}.Release|Any CPU.ActiveCfg = Release|Any CPU
		{5C9AEA84-B053-475A-AF8D-789A44C5EC6F}.Release|Any CPU.Build.0 = Release|Any CPU
		{E0CD870F-19C1-403E-AD57-E367A961AAE0}.Debug|Any CPU.ActiveCfg = Debug|Any CPU
		{E0CD870F-19C1-403E-AD57-E367A961AAE0}.Debug|Any CPU.Build.0 = Debug|Any CPU
		{E0CD870F-19C1-403E-AD57-E367A961AAE0}.Release|Any CPU.ActiveCfg = Release|Any CPU
		{E0CD870F-19C1-403E-AD57-E367A961AAE0}.Release|Any CPU.Build.0 = Release|Any CPU
		{AC9E4FB0-18EF-42BF-A076-19273A17794D}.Debug|Any CPU.ActiveCfg = Debug|Any CPU
		{AC9E4FB0-18EF-42BF-A076-19273A17794D}.Debug|Any CPU.Build.0 = Debug|Any CPU
		{AC9E4FB0-18EF-42BF-A076-19273A17794D}.Release|Any CPU.ActiveCfg = Release|Any CPU
		{AC9E4FB0-18EF-42BF-A076-19273A17794D}.Release|Any CPU.Build.0 = Release|Any CPU
		{94DD9BE8-702B-437B-B810-81D7BE7ED3E8}.Debug|Any CPU.ActiveCfg = Debug|Any CPU
		{94DD9BE8-702B-437B-B810-81D7BE7ED3E8}.Debug|Any CPU.Build.0 = Debug|Any CPU
		{94DD9BE8-702B-437B-B810-81D7BE7ED3E8}.Release|Any CPU.ActiveCfg = Release|Any CPU
		{94DD9BE8-702B-437B-B810-81D7BE7ED3E8}.Release|Any CPU.Build.0 = Release|Any CPU
		{999EDA3B-1CA1-4932-BBBC-5C4571AA7A4B}.Debug|Any CPU.ActiveCfg = Debug|Any CPU
		{999EDA3B-1CA1-4932-BBBC-5C4571AA7A4B}.Debug|Any CPU.Build.0 = Debug|Any CPU
		{999EDA3B-1CA1-4932-BBBC-5C4571AA7A4B}.Release|Any CPU.ActiveCfg = Release|Any CPU
		{999EDA3B-1CA1-4932-BBBC-5C4571AA7A4B}.Release|Any CPU.Build.0 = Release|Any CPU
	EndGlobalSection
	GlobalSection(SolutionProperties) = preSolution
		HideSolutionNode = FALSE
	EndGlobalSection
	GlobalSection(ExtensibilityGlobals) = postSolution
		SolutionGuid = {539C74C1-8FFB-4776-8F58-FA0A0E22E40B}
	EndGlobalSection
EndGlobal
